
Microsoft Visual Studio Solution File, Format Version 12.00
# Visual Studio Version 17
VisualStudioVersion = 17.5.33414.496
MinimumVisualStudioVersion = 10.0.40219.1
Project("{FAE04EC0-301F-11D3-BF4B-00C04F79EFBC}") = "ExFuncaoParametros", "ExFuncaoParametros\ExFuncaoParametros.csproj", "{40328591-CD8A-4BD1-8D2D-E546A26F3632}"
EndProject
Global
	GlobalSection(SolutionConfigurationPlatforms) = preSolution
		Debug|Any CPU = Debug|Any CPU
		Release|Any CPU = Release|Any CPU
	EndGlobalSection
	GlobalSection(ProjectConfigurationPlatforms) = postSolution
		{40328591-CD8A-4BD1-8D2D-E546A26F3632}.Debug|Any CPU.ActiveCfg = Debug|Any CPU
		{40328591-CD8A-4BD1-8D2D-E546A26F3632}.Debug|Any CPU.Build.0 = Debug|Any CPU
		{40328591-CD8A-4BD1-8D2D-E546A26F3632}.Release|Any CPU.ActiveCfg = Release|Any CPU
		{40328591-CD8A-4BD1-8D2D-E546A26F3632}.Release|Any CPU.Build.0 = Release|Any CPU
	EndGlobalSection
	GlobalSection(SolutionProperties) = preSolution
		HideSolutionNode = FALSE
	EndGlobalSection
	GlobalSection(ExtensibilityGlobals) = postSolution
		SolutionGuid = {1ED8A5D1-91FF-4F05-A489-8BC08D0658DA}
	EndGlobalSection
EndGlobal
